{
  "name": "starter",
  "lockfileVersion": 3,
  "requires": true,
  "packages": {
    "": {
      "dependencies": {
        "my-react-package": "^1.0.2"
      }
    },
    "node_modules/commander": {
      "version": "2.20.3",
      "resolved": "https://registry.npmjs.org/commander/-/commander-2.20.3.tgz",
      "integrity": "sha512-GpVkmM8vF2vQUkj2LvZmD35JxeJOLCwJ9cUkugyk2nuhbv3+mJvpLYYt+0+USMxE+oj+ey/lJEnhZw75x/OMcQ=="
    },
    "node_modules/my-react-package": {
      "version": "1.0.2",
      "resolved": "https://registry.npmjs.org/my-react-package/-/my-react-package-1.0.2.tgz",
      "integrity": "sha512-zKtCdepTz10lXkP6MbEeJ3p2gA6EACxZdmUXZb0jFknyEiJoRDr0S/uey5H0mdKB6hdNtDGUcc7FlNQim+vXig==",
      "dependencies": {
        "commander": "^2.16.0"
      },
      "bin": {
        "my-react-package": "index.js"
      }
    }
  }
}
